
Microsoft Visual Studio Solution File, Format Version 12.00
# Visual Studio Version 17
VisualStudioVersion = 17.0.31903.59
MinimumVisualStudioVersion = 10.0.40219.1
Project("{2150E333-8FDC-42A3-9474-1A3956D46DE8}") = "src", "src", "{827E0CD3-B72D-47B6-A68D-7590B98EB39B}"
EndProject
Project("{FAE04EC0-301F-11D3-BF4B-00C04F79EFBC}") = "IHFiction.AppHost", "src/aspire/IHFiction.AppHost/IHFiction.AppHost.csproj", "{27608FDF-81FA-4C78-A775-CCC8E77AAB6C}"
EndProject
Project("{FAE04EC0-301F-11D3-BF4B-00C04F79EFBC}") = "IHFiction.FictionApi", "src/IHFiction.FictionApi/IHFiction.FictionApi.csproj", "{61A7E0D9-3D6A-4145-B0E2-05FA8715AB81}"
EndProject
Project("{FAE04EC0-301F-11D3-BF4B-00C04F79EFBC}") = "IHFiction.ServiceDefaults", "src/lib/IHFiction.ServiceDefaults/IHFiction.ServiceDefaults.csproj", "{AE8725C0-9BCE-4A78-9531-B882FCCD62FA}"
EndProject
Project("{FAE04EC0-301F-11D3-BF4B-00C04F79EFBC}") = "IHFiction.MigrationService", "src/aspire/IHFiction.MigrationService/IHFiction.MigrationService.csproj", "{444AF5B0-8479-447E-A518-4C2817D0FA57}"
EndProject
Project("{FAE04EC0-301F-11D3-BF4B-00C04F79EFBC}") = "IHFiction.SharedKernel", "src/lib/IHFiction.SharedKernel/IHFiction.SharedKernel.csproj", "{6A92F19D-F21B-439E-A6F1-399FA94DAD9C}"
EndProject
Project("{FAE04EC0-301F-11D3-BF4B-00C04F79EFBC}") = "IHFiction.Data", "src/lib/IHFiction.Data/IHFiction.Data.csproj", "{76DE248D-77C9-4558-B807-BB723E490412}"
EndProject
Project("{2150E333-8FDC-42A3-9474-1A3956D46DE8}") = "tests", "tests", "{0AB3BF05-4346-4AA6-1389-037BE0695223}"
EndProject
Project("{FAE04EC0-301F-11D3-BF4B-00C04F79EFBC}") = "IHFiction.UnitTests", "tests/IHFiction.UnitTests/IHFiction.UnitTests.csproj", "{C3B12AA4-2C7B-445C-ACEC-4D1FF8BD1ED5}"
EndProject
Project("{FAE04EC0-301F-11D3-BF4B-00C04F79EFBC}") = "IHFiction.IntegrationTests", "tests/IHFiction.IntegrationTests/IHFiction.IntegrationTests.csproj", "{07A3F88B-2C7E-40F4-8410-9FA3D4FCB5A6}"
EndProject
Project("{FAE04EC0-301F-11D3-BF4B-00C04F79EFBC}") = "IHFiction.SharedWeb", "src/lib/IHFiction.SharedWeb/IHFiction.SharedWeb.csproj", "{7D658D64-AD96-4734-83D7-1921B1371153}"
EndProject
Project("{FAE04EC0-301F-11D3-BF4B-00C04F79EFBC}") = "IHFiction.WebClient", "src/IHFiction.WebClient/IHFiction.WebClient.csproj", "{EA360DB3-B73B-4881-8E09-639BC90FD791}"
EndProject
Project("{2150E333-8FDC-42A3-9474-1A3956D46DE8}") = "lib", "lib", "{60F8C46A-F32D-BE63-A7A0-43DD10EE6710}"
EndProject
Project("{2150E333-8FDC-42A3-9474-1A3956D46DE8}") = "aspire", "aspire", "{02EA681E-C7D8-13C7-8484-4AC65E1B71E8}"
EndProject
Project("{FAE04EC0-301F-11D3-BF4B-00C04F79EFBC}") = "IHFiction.SourceGenerators", "src\lib\IHFiction.SourceGenerators\IHFiction.SourceGenerators.csproj", "{9D53F6E0-EF32-451E-A9C9-D0181AB892BD}"
EndProject
Global
	GlobalSection(SolutionConfigurationPlatforms) = preSolution
		Debug|Any CPU = Debug|Any CPU
		Debug|x64 = Debug|x64
		Debug|x86 = Debug|x86
		Release|Any CPU = Release|Any CPU
		Release|x64 = Release|x64
		Release|x86 = Release|x86
	EndGlobalSection
	GlobalSection(ProjectConfigurationPlatforms) = postSolution
		{27608FDF-81FA-4C78-A775-CCC8E77AAB6C}.Debug|Any CPU.ActiveCfg = Debug|Any CPU
		{27608FDF-81FA-4C78-A775-CCC8E77AAB6C}.Debug|Any CPU.Build.0 = Debug|Any CPU
		{27608FDF-81FA-4C78-A775-CCC8E77AAB6C}.Debug|x64.ActiveCfg = Debug|Any CPU
		{27608FDF-81FA-4C78-A775-CCC8E77AAB6C}.Debug|x64.Build.0 = Debug|Any CPU
		{27608FDF-81FA-4C78-A775-CCC8E77AAB6C}.Debug|x86.ActiveCfg = Debug|Any CPU
		{27608FDF-81FA-4C78-A775-CCC8E77AAB6C}.Debug|x86.Build.0 = Debug|Any CPU
		{27608FDF-81FA-4C78-A775-CCC8E77AAB6C}.Release|Any CPU.ActiveCfg = Release|Any CPU
		{27608FDF-81FA-4C78-A775-CCC8E77AAB6C}.Release|Any CPU.Build.0 = Release|Any CPU
		{27608FDF-81FA-4C78-A775-CCC8E77AAB6C}.Release|x64.ActiveCfg = Release|Any CPU
		{27608FDF-81FA-4C78-A775-CCC8E77AAB6C}.Release|x64.Build.0 = Release|Any CPU
		{27608FDF-81FA-4C78-A775-CCC8E77AAB6C}.Release|x86.ActiveCfg = Release|Any CPU
		{27608FDF-81FA-4C78-A775-CCC8E77AAB6C}.Release|x86.Build.0 = Release|Any CPU
		{61A7E0D9-3D6A-4145-B0E2-05FA8715AB81}.Debug|Any CPU.ActiveCfg = Debug|Any CPU
		{61A7E0D9-3D6A-4145-B0E2-05FA8715AB81}.Debug|Any CPU.Build.0 = Debug|Any CPU
		{61A7E0D9-3D6A-4145-B0E2-05FA8715AB81}.Debug|x64.ActiveCfg = Debug|Any CPU
		{61A7E0D9-3D6A-4145-B0E2-05FA8715AB81}.Debug|x64.Build.0 = Debug|Any CPU
		{61A7E0D9-3D6A-4145-B0E2-05FA8715AB81}.Debug|x86.ActiveCfg = Debug|Any CPU
		{61A7E0D9-3D6A-4145-B0E2-05FA8715AB81}.Debug|x86.Build.0 = Debug|Any CPU
		{61A7E0D9-3D6A-4145-B0E2-05FA8715AB81}.Release|Any CPU.ActiveCfg = Release|Any CPU
		{61A7E0D9-3D6A-4145-B0E2-05FA8715AB81}.Release|Any CPU.Build.0 = Release|Any CPU
		{61A7E0D9-3D6A-4145-B0E2-05FA8715AB81}.Release|x64.ActiveCfg = Release|Any CPU
		{61A7E0D9-3D6A-4145-B0E2-05FA8715AB81}.Release|x64.Build.0 = Release|Any CPU
		{61A7E0D9-3D6A-4145-B0E2-05FA8715AB81}.Release|x86.ActiveCfg = Release|Any CPU
		{61A7E0D9-3D6A-4145-B0E2-05FA8715AB81}.Release|x86.Build.0 = Release|Any CPU
		{AE8725C0-9BCE-4A78-9531-B882FCCD62FA}.Debug|Any CPU.ActiveCfg = Debug|Any CPU
		{AE8725C0-9BCE-4A78-9531-B882FCCD62FA}.Debug|Any CPU.Build.0 = Debug|Any CPU
		{AE8725C0-9BCE-4A78-9531-B882FCCD62FA}.Debug|x64.ActiveCfg = Debug|Any CPU
		{AE8725C0-9BCE-4A78-9531-B882FCCD62FA}.Debug|x64.Build.0 = Debug|Any CPU
		{AE8725C0-9BCE-4A78-9531-B882FCCD62FA}.Debug|x86.ActiveCfg = Debug|Any CPU
		{AE8725C0-9BCE-4A78-9531-B882FCCD62FA}.Debug|x86.Build.0 = Debug|Any CPU
		{AE8725C0-9BCE-4A78-9531-B882FCCD62FA}.Release|Any CPU.ActiveCfg = Release|Any CPU
		{AE8725C0-9BCE-4A78-9531-B882FCCD62FA}.Release|Any CPU.Build.0 = Release|Any CPU
		{AE8725C0-9BCE-4A78-9531-B882FCCD62FA}.Release|x64.ActiveCfg = Release|Any CPU
		{AE8725C0-9BCE-4A78-9531-B882FCCD62FA}.Release|x64.Build.0 = Release|Any CPU
		{AE8725C0-9BCE-4A78-9531-B882FCCD62FA}.Release|x86.ActiveCfg = Release|Any CPU
		{AE8725C0-9BCE-4A78-9531-B882FCCD62FA}.Release|x86.Build.0 = Release|Any CPU
		{444AF5B0-8479-447E-A518-4C2817D0FA57}.Debug|Any CPU.ActiveCfg = Debug|Any CPU
		{444AF5B0-8479-447E-A518-4C2817D0FA57}.Debug|Any CPU.Build.0 = Debug|Any CPU
		{444AF5B0-8479-447E-A518-4C2817D0FA57}.Debug|x64.ActiveCfg = Debug|Any CPU
		{444AF5B0-8479-447E-A518-4C2817D0FA57}.Debug|x64.Build.0 = Debug|Any CPU
		{444AF5B0-8479-447E-A518-4C2817D0FA57}.Debug|x86.ActiveCfg = Debug|Any CPU
		{444AF5B0-8479-447E-A518-4C2817D0FA57}.Debug|x86.Build.0 = Debug|Any CPU
		{444AF5B0-8479-447E-A518-4C2817D0FA57}.Release|Any CPU.ActiveCfg = Release|Any CPU
		{444AF5B0-8479-447E-A518-4C2817D0FA57}.Release|Any CPU.Build.0 = Release|Any CPU
		{444AF5B0-8479-447E-A518-4C2817D0FA57}.Release|x64.ActiveCfg = Release|Any CPU
		{444AF5B0-8479-447E-A518-4C2817D0FA57}.Release|x64.Build.0 = Release|Any CPU
		{444AF5B0-8479-447E-A518-4C2817D0FA57}.Release|x86.ActiveCfg = Release|Any CPU
		{444AF5B0-8479-447E-A518-4C2817D0FA57}.Release|x86.Build.0 = Release|Any CPU
		{6A92F19D-F21B-439E-A6F1-399FA94DAD9C}.Debug|Any CPU.ActiveCfg = Debug|Any CPU
		{6A92F19D-F21B-439E-A6F1-399FA94DAD9C}.Debug|Any CPU.Build.0 = Debug|Any CPU
		{6A92F19D-F21B-439E-A6F1-399FA94DAD9C}.Debug|x64.ActiveCfg = Debug|Any CPU
		{6A92F19D-F21B-439E-A6F1-399FA94DAD9C}.Debug|x64.Build.0 = Debug|Any CPU
		{6A92F19D-F21B-439E-A6F1-399FA94DAD9C}.Debug|x86.ActiveCfg = Debug|Any CPU
		{6A92F19D-F21B-439E-A6F1-399FA94DAD9C}.Debug|x86.Build.0 = Debug|Any CPU
		{6A92F19D-F21B-439E-A6F1-399FA94DAD9C}.Release|Any CPU.ActiveCfg = Release|Any CPU
		{6A92F19D-F21B-439E-A6F1-399FA94DAD9C}.Release|Any CPU.Build.0 = Release|Any CPU
		{6A92F19D-F21B-439E-A6F1-399FA94DAD9C}.Release|x64.ActiveCfg = Release|Any CPU
		{6A92F19D-F21B-439E-A6F1-399FA94DAD9C}.Release|x64.Build.0 = Release|Any CPU
		{6A92F19D-F21B-439E-A6F1-399FA94DAD9C}.Release|x86.ActiveCfg = Release|Any CPU
		{6A92F19D-F21B-439E-A6F1-399FA94DAD9C}.Release|x86.Build.0 = Release|Any CPU
		{76DE248D-77C9-4558-B807-BB723E490412}.Debug|Any CPU.ActiveCfg = Debug|Any CPU
		{76DE248D-77C9-4558-B807-BB723E490412}.Debug|Any CPU.Build.0 = Debug|Any CPU
		{76DE248D-77C9-4558-B807-BB723E490412}.Debug|x64.ActiveCfg = Debug|Any CPU
		{76DE248D-77C9-4558-B807-BB723E490412}.Debug|x64.Build.0 = Debug|Any CPU
		{76DE248D-77C9-4558-B807-BB723E490412}.Debug|x86.ActiveCfg = Debug|Any CPU
		{76DE248D-77C9-4558-B807-BB723E490412}.Debug|x86.Build.0 = Debug|Any CPU
		{76DE248D-77C9-4558-B807-BB723E490412}.Release|Any CPU.ActiveCfg = Release|Any CPU
		{76DE248D-77C9-4558-B807-BB723E490412}.Release|Any CPU.Build.0 = Release|Any CPU
		{76DE248D-77C9-4558-B807-BB723E490412}.Release|x64.ActiveCfg = Release|Any CPU
		{76DE248D-77C9-4558-B807-BB723E490412}.Release|x64.Build.0 = Release|Any CPU
		{76DE248D-77C9-4558-B807-BB723E490412}.Release|x86.ActiveCfg = Release|Any CPU
		{76DE248D-77C9-4558-B807-BB723E490412}.Release|x86.Build.0 = Release|Any CPU
		{C3B12AA4-2C7B-445C-ACEC-4D1FF8BD1ED5}.Debug|Any CPU.ActiveCfg = Debug|Any CPU
		{C3B12AA4-2C7B-445C-ACEC-4D1FF8BD1ED5}.Debug|Any CPU.Build.0 = Debug|Any CPU
		{C3B12AA4-2C7B-445C-ACEC-4D1FF8BD1ED5}.Debug|x64.ActiveCfg = Debug|Any CPU
		{C3B12AA4-2C7B-445C-ACEC-4D1FF8BD1ED5}.Debug|x64.Build.0 = Debug|Any CPU
		{C3B12AA4-2C7B-445C-ACEC-4D1FF8BD1ED5}.Debug|x86.ActiveCfg = Debug|Any CPU
		{C3B12AA4-2C7B-445C-ACEC-4D1FF8BD1ED5}.Debug|x86.Build.0 = Debug|Any CPU
		{C3B12AA4-2C7B-445C-ACEC-4D1FF8BD1ED5}.Release|Any CPU.ActiveCfg = Release|Any CPU
		{C3B12AA4-2C7B-445C-ACEC-4D1FF8BD1ED5}.Release|Any CPU.Build.0 = Release|Any CPU
		{C3B12AA4-2C7B-445C-ACEC-4D1FF8BD1ED5}.Release|x64.ActiveCfg = Release|Any CPU
		{C3B12AA4-2C7B-445C-ACEC-4D1FF8BD1ED5}.Release|x64.Build.0 = Release|Any CPU
		{C3B12AA4-2C7B-445C-ACEC-4D1FF8BD1ED5}.Release|x86.ActiveCfg = Release|Any CPU
		{C3B12AA4-2C7B-445C-ACEC-4D1FF8BD1ED5}.Release|x86.Build.0 = Release|Any CPU
		{07A3F88B-2C7E-40F4-8410-9FA3D4FCB5A6}.Debug|Any CPU.ActiveCfg = Debug|Any CPU
		{07A3F88B-2C7E-40F4-8410-9FA3D4FCB5A6}.Debug|Any CPU.Build.0 = Debug|Any CPU
		{07A3F88B-2C7E-40F4-8410-9FA3D4FCB5A6}.Debug|x64.ActiveCfg = Debug|Any CPU
		{07A3F88B-2C7E-40F4-8410-9FA3D4FCB5A6}.Debug|x64.Build.0 = Debug|Any CPU
		{07A3F88B-2C7E-40F4-8410-9FA3D4FCB5A6}.Debug|x86.ActiveCfg = Debug|Any CPU
		{07A3F88B-2C7E-40F4-8410-9FA3D4FCB5A6}.Debug|x86.Build.0 = Debug|Any CPU
		{07A3F88B-2C7E-40F4-8410-9FA3D4FCB5A6}.Release|Any CPU.ActiveCfg = Release|Any CPU
		{07A3F88B-2C7E-40F4-8410-9FA3D4FCB5A6}.Release|Any CPU.Build.0 = Release|Any CPU
		{07A3F88B-2C7E-40F4-8410-9FA3D4FCB5A6}.Release|x64.ActiveCfg = Release|Any CPU
		{07A3F88B-2C7E-40F4-8410-9FA3D4FCB5A6}.Release|x64.Build.0 = Release|Any CPU
		{07A3F88B-2C7E-40F4-8410-9FA3D4FCB5A6}.Release|x86.ActiveCfg = Release|Any CPU
		{07A3F88B-2C7E-40F4-8410-9FA3D4FCB5A6}.Release|x86.Build.0 = Release|Any CPU
		{7D658D64-AD96-4734-83D7-1921B1371153}.Debug|Any CPU.ActiveCfg = Debug|Any CPU
		{7D658D64-AD96-4734-83D7-1921B1371153}.Debug|Any CPU.Build.0 = Debug|Any CPU
		{7D658D64-AD96-4734-83D7-1921B1371153}.Debug|x64.ActiveCfg = Debug|Any CPU
		{7D658D64-AD96-4734-83D7-1921B1371153}.Debug|x64.Build.0 = Debug|Any CPU
		{7D658D64-AD96-4734-83D7-1921B1371153}.Debug|x86.ActiveCfg = Debug|Any CPU
		{7D658D64-AD96-4734-83D7-1921B1371153}.Debug|x86.Build.0 = Debug|Any CPU
		{7D658D64-AD96-4734-83D7-1921B1371153}.Release|Any CPU.ActiveCfg = Release|Any CPU
		{7D658D64-AD96-4734-83D7-1921B1371153}.Release|Any CPU.Build.0 = Release|Any CPU
		{7D658D64-AD96-4734-83D7-1921B1371153}.Release|x64.ActiveCfg = Release|Any CPU
		{7D658D64-AD96-4734-83D7-1921B1371153}.Release|x64.Build.0 = Release|Any CPU
		{7D658D64-AD96-4734-83D7-1921B1371153}.Release|x86.ActiveCfg = Release|Any CPU
		{7D658D64-AD96-4734-83D7-1921B1371153}.Release|x86.Build.0 = Release|Any CPU
		{EA360DB3-B73B-4881-8E09-639BC90FD791}.Debug|Any CPU.ActiveCfg = Debug|Any CPU
		{EA360DB3-B73B-4881-8E09-639BC90FD791}.Debug|Any CPU.Build.0 = Debug|Any CPU
		{EA360DB3-B73B-4881-8E09-639BC90FD791}.Debug|x64.ActiveCfg = Debug|Any CPU
		{EA360DB3-B73B-4881-8E09-639BC90FD791}.Debug|x64.Build.0 = Debug|Any CPU
		{EA360DB3-B73B-4881-8E09-639BC90FD791}.Debug|x86.ActiveCfg = Debug|Any CPU
		{EA360DB3-B73B-4881-8E09-639BC90FD791}.Debug|x86.Build.0 = Debug|Any CPU
		{EA360DB3-B73B-4881-8E09-639BC90FD791}.Release|Any CPU.ActiveCfg = Release|Any CPU
		{EA360DB3-B73B-4881-8E09-639BC90FD791}.Release|Any CPU.Build.0 = Release|Any CPU
		{EA360DB3-B73B-4881-8E09-639BC90FD791}.Release|x64.ActiveCfg = Release|Any CPU
		{EA360DB3-B73B-4881-8E09-639BC90FD791}.Release|x64.Build.0 = Release|Any CPU
		{EA360DB3-B73B-4881-8E09-639BC90FD791}.Release|x86.ActiveCfg = Release|Any CPU
		{EA360DB3-B73B-4881-8E09-639BC90FD791}.Release|x86.Build.0 = Release|Any CPU
		{9D53F6E0-EF32-451E-A9C9-D0181AB892BD}.Debug|Any CPU.ActiveCfg = Debug|Any CPU
		{9D53F6E0-EF32-451E-A9C9-D0181AB892BD}.Debug|Any CPU.Build.0 = Debug|Any CPU
		{9D53F6E0-EF32-451E-A9C9-D0181AB892BD}.Debug|x64.ActiveCfg = Debug|Any CPU
		{9D53F6E0-EF32-451E-A9C9-D0181AB892BD}.Debug|x64.Build.0 = Debug|Any CPU
		{9D53F6E0-EF32-451E-A9C9-D0181AB892BD}.Debug|x86.ActiveCfg = Debug|Any CPU
		{9D53F6E0-EF32-451E-A9C9-D0181AB892BD}.Debug|x86.Build.0 = Debug|Any CPU
		{9D53F6E0-EF32-451E-A9C9-D0181AB892BD}.Release|Any CPU.ActiveCfg = Release|Any CPU
		{9D53F6E0-EF32-451E-A9C9-D0181AB892BD}.Release|Any CPU.Build.0 = Release|Any CPU
		{9D53F6E0-EF32-451E-A9C9-D0181AB892BD}.Release|x64.ActiveCfg = Release|Any CPU
		{9D53F6E0-EF32-451E-A9C9-D0181AB892BD}.Release|x64.Build.0 = Release|Any CPU
		{9D53F6E0-EF32-451E-A9C9-D0181AB892BD}.Release|x86.ActiveCfg = Release|Any CPU
		{9D53F6E0-EF32-451E-A9C9-D0181AB892BD}.Release|x86.Build.0 = Release|Any CPU
	EndGlobalSection
	GlobalSection(SolutionProperties) = preSolution
		HideSolutionNode = FALSE
	EndGlobalSection
	GlobalSection(NestedProjects) = preSolution
		{27608FDF-81FA-4C78-A775-CCC8E77AAB6C} = {02EA681E-C7D8-13C7-8484-4AC65E1B71E8}
		{61A7E0D9-3D6A-4145-B0E2-05FA8715AB81} = {827E0CD3-B72D-47B6-A68D-7590B98EB39B}
		{AE8725C0-9BCE-4A78-9531-B882FCCD62FA} = {60F8C46A-F32D-BE63-A7A0-43DD10EE6710}
		{444AF5B0-8479-447E-A518-4C2817D0FA57} = {02EA681E-C7D8-13C7-8484-4AC65E1B71E8}
		{6A92F19D-F21B-439E-A6F1-399FA94DAD9C} = {60F8C46A-F32D-BE63-A7A0-43DD10EE6710}
		{76DE248D-77C9-4558-B807-BB723E490412} = {60F8C46A-F32D-BE63-A7A0-43DD10EE6710}
		{C3B12AA4-2C7B-445C-ACEC-4D1FF8BD1ED5} = {0AB3BF05-4346-4AA6-1389-037BE0695223}
		{07A3F88B-2C7E-40F4-8410-9FA3D4FCB5A6} = {0AB3BF05-4346-4AA6-1389-037BE0695223}
		{7D658D64-AD96-4734-83D7-1921B1371153} = {60F8C46A-F32D-BE63-A7A0-43DD10EE6710}
		{EA360DB3-B73B-4881-8E09-639BC90FD791} = {827E0CD3-B72D-47B6-A68D-7590B98EB39B}
		{60F8C46A-F32D-BE63-A7A0-43DD10EE6710} = {827E0CD3-B72D-47B6-A68D-7590B98EB39B}
		{02EA681E-C7D8-13C7-8484-4AC65E1B71E8} = {827E0CD3-B72D-47B6-A68D-7590B98EB39B}
		{9D53F6E0-EF32-451E-A9C9-D0181AB892BD} = {60F8C46A-F32D-BE63-A7A0-43DD10EE6710}
	EndGlobalSection
EndGlobal
